// !$*UTF8*$!
{
	archiveVersion = 1;
	classes = {
	};
	objectVersion = 51;
	objects = {

/* Begin PBXBuildFile section */
		140347BD2429E20900E41F78 /* AppDelegate.swift in Sources */ = {isa = PBXBuildFile; fileRef = 140347BC2429E20900E41F78 /* AppDelegate.swift */; };
		140347BF2429E20A00E41F78 /* SceneDelegate.swift in Sources */ = {isa = PBXBuildFile; fileRef = 140347BE2429E20A00E41F78 /* SceneDelegate.swift */; };
		140347C62429E20F00E41F78 /* Assets.xcassets in Resources */ = {isa = PBXBuildFile; fileRef = 140347C52429E20F00E41F78 /* Assets.xcassets */; };
		140347E52429ED9500E41F78 /* HTabBarViewController.swift in Sources */ = {isa = PBXBuildFile; fileRef = 140347E42429ED9500E41F78 /* HTabBarViewController.swift */; };
		140347E72429F7BA00E41F78 /* HHomeViewController.swift in Sources */ = {isa = PBXBuildFile; fileRef = 140347E62429F7BA00E41F78 /* HHomeViewController.swift */; };
		140347E92429F7C400E41F78 /* HMessageViewController.swift in Sources */ = {isa = PBXBuildFile; fileRef = 140347E82429F7C400E41F78 /* HMessageViewController.swift */; };
		140347EB2429F7D200E41F78 /* HDiscoverViewController.swift in Sources */ = {isa = PBXBuildFile; fileRef = 140347EA2429F7D200E41F78 /* HDiscoverViewController.swift */; };
		140347ED2429F7DD00E41F78 /* HMineViewController.swift in Sources */ = {isa = PBXBuildFile; fileRef = 140347EC2429F7DD00E41F78 /* HMineViewController.swift */; };
		140347EF242A034F00E41F78 /* HTabBar.swift in Sources */ = {isa = PBXBuildFile; fileRef = 140347EE242A034F00E41F78 /* HTabBar.swift */; };
		140347F1242AF74D00E41F78 /* LaunchScreen.storyboard in Resources */ = {isa = PBXBuildFile; fileRef = 140347F0242AF74D00E41F78 /* LaunchScreen.storyboard */; };
		140347F6242B511B00E41F78 /* Ext+UIBarButtonItem.swift in Sources */ = {isa = PBXBuildFile; fileRef = 140347F5242B511B00E41F78 /* Ext+UIBarButtonItem.swift */; };
		140347F8242B567600E41F78 /* HTempViewController.swift in Sources */ = {isa = PBXBuildFile; fileRef = 140347F7242B567600E41F78 /* HTempViewController.swift */; };
		140347FA242B7C4200E41F78 /* HNavigationController.swift in Sources */ = {isa = PBXBuildFile; fileRef = 140347F9242B7C4200E41F78 /* HNavigationController.swift */; };
		140347FC242B862D00E41F78 /* Common.swift in Sources */ = {isa = PBXBuildFile; fileRef = 140347FB242B862D00E41F78 /* Common.swift */; };
		145099A5243381AD0044C7D1 /* HNetworkTools.swift in Sources */ = {isa = PBXBuildFile; fileRef = 145099A4243381AD0044C7D1 /* HNetworkTools.swift */; };
		145099CA243474A60044C7D1 /* HOAuthViewController.swift in Sources */ = {isa = PBXBuildFile; fileRef = 145099C9243474A60044C7D1 /* HOAuthViewController.swift */; };
		145099F024348ECB0044C7D1 /* Pods_WB.framework in Frameworks */ = {isa = PBXBuildFile; fileRef = 46F35A88F212C19506007BBE /* Pods_WB.framework */; settings = {ATTRIBUTES = (Required, ); }; };
		145099F124348ECB0044C7D1 /* Pods_WB.framework in Embed Frameworks */ = {isa = PBXBuildFile; fileRef = 46F35A88F212C19506007BBE /* Pods_WB.framework */; settings = {ATTRIBUTES = (CodeSignOnCopy, RemoveHeadersOnCopy, ); }; };
		14509A202435EB320044C7D1 /* MyAdapter.swift in Sources */ = {isa = PBXBuildFile; fileRef = 14509A1F2435EB320044C7D1 /* MyAdapter.swift */; };
		14509A262435F5930044C7D1 /* HOAuthViewModel.swift in Sources */ = {isa = PBXBuildFile; fileRef = 14509A252435F5930044C7D1 /* HOAuthViewModel.swift */; };
		1455D2A82436DDEE00E937B4 /* HWelcomeViewController.swift in Sources */ = {isa = PBXBuildFile; fileRef = 1455D2A72436DDEE00E937B4 /* HWelcomeViewController.swift */; };
		1455D2AA2436E42800E937B4 /* Ext+UIImageView.swift in Sources */ = {isa = PBXBuildFile; fileRef = 1455D2A92436E42800E937B4 /* Ext+UIImageView.swift */; };
		14748AE32438D130004CEC32 /* HHomeModel.swift in Sources */ = {isa = PBXBuildFile; fileRef = 14748AE22438D130004CEC32 /* HHomeModel.swift */; };
		14AC985224305FFE00C51EFA /* HBaseViewController.swift in Sources */ = {isa = PBXBuildFile; fileRef = 14AC985124305FFE00C51EFA /* HBaseViewController.swift */; };
		14AC98542430604500C51EFA /* HVisitorView.swift in Sources */ = {isa = PBXBuildFile; fileRef = 14AC98532430604500C51EFA /* HVisitorView.swift */; };
		14AC98562430B5F100C51EFA /* ThirdPartyHeader.swift in Sources */ = {isa = PBXBuildFile; fileRef = 14AC98552430B5F100C51EFA /* ThirdPartyHeader.swift */; };
		14D382D42438DB6600B33F24 /* HUserAccountModel.swift in Sources */ = {isa = PBXBuildFile; fileRef = 14D382D32438DB6600B33F24 /* HUserAccountModel.swift */; };
		14D382D72438DB9800B33F24 /* HHomeViewModel.swift in Sources */ = {isa = PBXBuildFile; fileRef = 14D382D62438DB9800B33F24 /* HHomeViewModel.swift */; };
		14D382D92438E6E000B33F24 /* HomeCell.swift in Sources */ = {isa = PBXBuildFile; fileRef = 14D382D82438E6E000B33F24 /* HomeCell.swift */; };
		14D382DB2438E84900B33F24 /* HomeOriginalView.swift in Sources */ = {isa = PBXBuildFile; fileRef = 14D382DA2438E84900B33F24 /* HomeOriginalView.swift */; };
		14D382DD2438F3FF00B33F24 /* HUserModel.swift in Sources */ = {isa = PBXBuildFile; fileRef = 14D382DC2438F3FF00B33F24 /* HUserModel.swift */; };
		14D382DF2438F74400B33F24 /* HStatusViewModel.swift in Sources */ = {isa = PBXBuildFile; fileRef = 14D382DE2438F74400B33F24 /* HStatusViewModel.swift */; };
		14D382E12439ACA600B33F24 /* HomeBottomView.swift in Sources */ = {isa = PBXBuildFile; fileRef = 14D382E02439ACA600B33F24 /* HomeBottomView.swift */; };
		14D382E32439B70500B33F24 /* HomeRetweetView.swift in Sources */ = {isa = PBXBuildFile; fileRef = 14D382E22439B70500B33F24 /* HomeRetweetView.swift */; };
		14D382E52439C5C400B33F24 /* HomeOriginalPictureView.swift in Sources */ = {isa = PBXBuildFile; fileRef = 14D382E42439C5C400B33F24 /* HomeOriginalPictureView.swift */; };
		14D382E72439C79600B33F24 /* HPictureModel.swift in Sources */ = {isa = PBXBuildFile; fileRef = 14D382E62439C79600B33F24 /* HPictureModel.swift */; };
		14D3830F243C734100B33F24 /* RefreshControl.swift in Sources */ = {isa = PBXBuildFile; fileRef = 14D3830E243C734100B33F24 /* RefreshControl.swift */; };
		14D38311243C7DC400B33F24 /* Ext+String.swift in Sources */ = {isa = PBXBuildFile; fileRef = 14D38310243C7DC400B33F24 /* Ext+String.swift */; };
		14D38335243CC79500B33F24 /* HComposeView.swift in Sources */ = {isa = PBXBuildFile; fileRef = 14D38334243CC79500B33F24 /* HComposeView.swift */; };
		14D38337243DA66200B33F24 /* HComposeButton.swift in Sources */ = {isa = PBXBuildFile; fileRef = 14D38336243DA66200B33F24 /* HComposeButton.swift */; };
		14D38339243DA70900B33F24 /* compose.plist in Resources */ = {isa = PBXBuildFile; fileRef = 14D38338243DA70900B33F24 /* compose.plist */; };
		14D3833C243DA73000B33F24 /* HComposeModel.swift in Sources */ = {isa = PBXBuildFile; fileRef = 14D3833B243DA73000B33F24 /* HComposeModel.swift */; };
		14D3833F243DC42400B33F24 /* HComposeViewController.swift in Sources */ = {isa = PBXBuildFile; fileRef = 14D3833E243DC42400B33F24 /* HComposeViewController.swift */; };
/* End PBXBuildFile section */

/* Begin PBXCopyFilesBuildPhase section */
		145099F224348ECB0044C7D1 /* Embed Frameworks */ = {
			isa = PBXCopyFilesBuildPhase;
			buildActionMask = 2147483647;
			dstPath = "";
			dstSubfolderSpec = 10;
			files = (
				145099F124348ECB0044C7D1 /* Pods_WB.framework in Embed Frameworks */,
			);
			name = "Embed Frameworks";
			runOnlyForDeploymentPostprocessing = 0;
		};
/* End PBXCopyFilesBuildPhase section */

/* Begin PBXFileReference section */
		140347B92429E20900E41F78 /* WB.app */ = {isa = PBXFileReference; explicitFileType = wrapper.application; includeInIndex = 0; path = WB.app; sourceTree = BUILT_PRODUCTS_DIR; };
		140347BC2429E20900E41F78 /* AppDelegate.swift */ = {isa = PBXFileReference; lastKnownFileType = sourcecode.swift; path = AppDelegate.swift; sourceTree = "<group>"; };
		140347BE2429E20A00E41F78 /* SceneDelegate.swift */ = {isa = PBXFileReference; lastKnownFileType = sourcecode.swift; path = SceneDelegate.swift; sourceTree = "<group>"; };
		140347C52429E20F00E41F78 /* Assets.xcassets */ = {isa = PBXFileReference; lastKnownFileType = folder.assetcatalog; path = Assets.xcassets; sourceTree = "<group>"; };
		140347CA2429E20F00E41F78 /* Info.plist */ = {isa = PBXFileReference; lastKnownFileType = text.plist.xml; path = Info.plist; sourceTree = "<group>"; };
		140347E42429ED9500E41F78 /* HTabBarViewController.swift */ = {isa = PBXFileReference; lastKnownFileType = sourcecode.swift; path = HTabBarViewController.swift; sourceTree = "<group>"; };
		140347E62429F7BA00E41F78 /* HHomeViewController.swift */ = {isa = PBXFileReference; lastKnownFileType = sourcecode.swift; path = HHomeViewController.swift; sourceTree = "<group>"; };
		140347E82429F7C400E41F78 /* HMessageViewController.swift */ = {isa = PBXFileReference; lastKnownFileType = sourcecode.swift; path = HMessageViewController.swift; sourceTree = "<group>"; };
		140347EA2429F7D200E41F78 /* HDiscoverViewController.swift */ = {isa = PBXFileReference; lastKnownFileType = sourcecode.swift; path = HDiscoverViewController.swift; sourceTree = "<group>"; };
		140347EC2429F7DD00E41F78 /* HMineViewController.swift */ = {isa = PBXFileReference; lastKnownFileType = sourcecode.swift; path = HMineViewController.swift; sourceTree = "<group>"; };
		140347EE242A034F00E41F78 /* HTabBar.swift */ = {isa = PBXFileReference; lastKnownFileType = sourcecode.swift; path = HTabBar.swift; sourceTree = "<group>"; };
		140347F0242AF74D00E41F78 /* LaunchScreen.storyboard */ = {isa = PBXFileReference; lastKnownFileType = file.storyboard; path = LaunchScreen.storyboard; sourceTree = "<group>"; };
		140347F5242B511B00E41F78 /* Ext+UIBarButtonItem.swift */ = {isa = PBXFileReference; lastKnownFileType = sourcecode.swift; path = "Ext+UIBarButtonItem.swift"; sourceTree = "<group>"; };
		140347F7242B567600E41F78 /* HTempViewController.swift */ = {isa = PBXFileReference; lastKnownFileType = sourcecode.swift; path = HTempViewController.swift; sourceTree = "<group>"; };
		140347F9242B7C4200E41F78 /* HNavigationController.swift */ = {isa = PBXFileReference; lastKnownFileType = sourcecode.swift; path = HNavigationController.swift; sourceTree = "<group>"; };
		140347FB242B862D00E41F78 /* Common.swift */ = {isa = PBXFileReference; lastKnownFileType = sourcecode.swift; path = Common.swift; sourceTree = "<group>"; };
		145099A4243381AD0044C7D1 /* HNetworkTools.swift */ = {isa = PBXFileReference; lastKnownFileType = sourcecode.swift; path = HNetworkTools.swift; sourceTree = "<group>"; };
		145099C9243474A60044C7D1 /* HOAuthViewController.swift */ = {isa = PBXFileReference; lastKnownFileType = sourcecode.swift; path = HOAuthViewController.swift; sourceTree = "<group>"; };
		145099CB24348CD20044C7D1 /* Alamofire.framework */ = {isa = PBXFileReference; explicitFileType = wrapper.framework; path = Alamofire.framework; sourceTree = BUILT_PRODUCTS_DIR; };
		145099CC24348CD20044C7D1 /* Differentiator.framework */ = {isa = PBXFileReference; explicitFileType = wrapper.framework; path = Differentiator.framework; sourceTree = BUILT_PRODUCTS_DIR; };
		145099CD24348CD20044C7D1 /* Kingfisher.framework */ = {isa = PBXFileReference; explicitFileType = wrapper.framework; path = Kingfisher.framework; sourceTree = BUILT_PRODUCTS_DIR; };
		145099CE24348CD20044C7D1 /* RxAtomic.framework */ = {isa = PBXFileReference; explicitFileType = wrapper.framework; path = RxAtomic.framework; sourceTree = BUILT_PRODUCTS_DIR; };
		145099CF24348CD20044C7D1 /* RxCocoa.framework */ = {isa = PBXFileReference; explicitFileType = wrapper.framework; path = RxCocoa.framework; sourceTree = BUILT_PRODUCTS_DIR; };
		145099D024348CD20044C7D1 /* RxDataSources.framework */ = {isa = PBXFileReference; explicitFileType = wrapper.framework; path = RxDataSources.framework; sourceTree = BUILT_PRODUCTS_DIR; };
		145099D124348CD20044C7D1 /* RxSwift.framework */ = {isa = PBXFileReference; explicitFileType = wrapper.framework; path = RxSwift.framework; sourceTree = BUILT_PRODUCTS_DIR; };
		145099D224348CD20044C7D1 /* SnapKit.framework */ = {isa = PBXFileReference; explicitFileType = wrapper.framework; path = SnapKit.framework; sourceTree = BUILT_PRODUCTS_DIR; };
		145099E824348D7C0044C7D1 /* Alamofire.framework */ = {isa = PBXFileReference; explicitFileType = wrapper.framework; path = Alamofire.framework; sourceTree = BUILT_PRODUCTS_DIR; };
		145099EE24348E460044C7D1 /* Alamofire.framework */ = {isa = PBXFileReference; explicitFileType = wrapper.framework; path = Alamofire.framework; sourceTree = BUILT_PRODUCTS_DIR; };
		145099F3243490160044C7D1 /* Alamofire.framework */ = {isa = PBXFileReference; explicitFileType = wrapper.framework; path = Alamofire.framework; sourceTree = BUILT_PRODUCTS_DIR; };
		14509A1D2434EEC70044C7D1 /* ObjectMapper.framework */ = {isa = PBXFileReference; explicitFileType = wrapper.framework; path = ObjectMapper.framework; sourceTree = BUILT_PRODUCTS_DIR; };
		14509A1F2435EB320044C7D1 /* MyAdapter.swift */ = {isa = PBXFileReference; lastKnownFileType = sourcecode.swift; path = MyAdapter.swift; sourceTree = "<group>"; };
		14509A252435F5930044C7D1 /* HOAuthViewModel.swift */ = {isa = PBXFileReference; fileEncoding = 4; lastKnownFileType = sourcecode.swift; path = HOAuthViewModel.swift; sourceTree = "<group>"; };
		1455D2A72436DDEE00E937B4 /* HWelcomeViewController.swift */ = {isa = PBXFileReference; lastKnownFileType = sourcecode.swift; path = HWelcomeViewController.swift; sourceTree = "<group>"; };
		1455D2A92436E42800E937B4 /* Ext+UIImageView.swift */ = {isa = PBXFileReference; lastKnownFileType = sourcecode.swift; path = "Ext+UIImageView.swift"; sourceTree = "<group>"; };
		14748AE22438D130004CEC32 /* HHomeModel.swift */ = {isa = PBXFileReference; lastKnownFileType = sourcecode.swift; path = HHomeModel.swift; sourceTree = "<group>"; };
		14AC985124305FFE00C51EFA /* HBaseViewController.swift */ = {isa = PBXFileReference; lastKnownFileType = sourcecode.swift; path = HBaseViewController.swift; sourceTree = "<group>"; };
		14AC98532430604500C51EFA /* HVisitorView.swift */ = {isa = PBXFileReference; lastKnownFileType = sourcecode.swift; path = HVisitorView.swift; sourceTree = "<group>"; };
		14AC98552430B5F100C51EFA /* ThirdPartyHeader.swift */ = {isa = PBXFileReference; lastKnownFileType = sourcecode.swift; path = ThirdPartyHeader.swift; sourceTree = "<group>"; };
		14D382D32438DB6600B33F24 /* HUserAccountModel.swift */ = {isa = PBXFileReference; fileEncoding = 4; lastKnownFileType = sourcecode.swift; path = HUserAccountModel.swift; sourceTree = "<group>"; };
		14D382D62438DB9800B33F24 /* HHomeViewModel.swift */ = {isa = PBXFileReference; lastKnownFileType = sourcecode.swift; path = HHomeViewModel.swift; sourceTree = "<group>"; };
		14D382D82438E6E000B33F24 /* HomeCell.swift */ = {isa = PBXFileReference; lastKnownFileType = sourcecode.swift; path = HomeCell.swift; sourceTree = "<group>"; };
		14D382DA2438E84900B33F24 /* HomeOriginalView.swift */ = {isa = PBXFileReference; lastKnownFileType = sourcecode.swift; path = HomeOriginalView.swift; sourceTree = "<group>"; };
		14D382DC2438F3FF00B33F24 /* HUserModel.swift */ = {isa = PBXFileReference; lastKnownFileType = sourcecode.swift; path = HUserModel.swift; sourceTree = "<group>"; };
		14D382DE2438F74400B33F24 /* HStatusViewModel.swift */ = {isa = PBXFileReference; lastKnownFileType = sourcecode.swift; path = HStatusViewModel.swift; sourceTree = "<group>"; };
		14D382E02439ACA600B33F24 /* HomeBottomView.swift */ = {isa = PBXFileReference; lastKnownFileType = sourcecode.swift; path = HomeBottomView.swift; sourceTree = "<group>"; };
		14D382E22439B70500B33F24 /* HomeRetweetView.swift */ = {isa = PBXFileReference; lastKnownFileType = sourcecode.swift; path = HomeRetweetView.swift; sourceTree = "<group>"; };
		14D382E42439C5C400B33F24 /* HomeOriginalPictureView.swift */ = {isa = PBXFileReference; lastKnownFileType = sourcecode.swift; path = HomeOriginalPictureView.swift; sourceTree = "<group>"; };
		14D382E62439C79600B33F24 /* HPictureModel.swift */ = {isa = PBXFileReference; lastKnownFileType = sourcecode.swift; path = HPictureModel.swift; sourceTree = "<group>"; };
		14D3830E243C734100B33F24 /* RefreshControl.swift */ = {isa = PBXFileReference; fileEncoding = 4; lastKnownFileType = sourcecode.swift; path = RefreshControl.swift; sourceTree = "<group>"; };
		14D38310243C7DC400B33F24 /* Ext+String.swift */ = {isa = PBXFileReference; lastKnownFileType = sourcecode.swift; path = "Ext+String.swift"; sourceTree = "<group>"; };
		14D38334243CC79500B33F24 /* HComposeView.swift */ = {isa = PBXFileReference; lastKnownFileType = sourcecode.swift; path = HComposeView.swift; sourceTree = "<group>"; };
		14D38336243DA66200B33F24 /* HComposeButton.swift */ = {isa = PBXFileReference; lastKnownFileType = sourcecode.swift; path = HComposeButton.swift; sourceTree = "<group>"; };
		14D38338243DA70900B33F24 /* compose.plist */ = {isa = PBXFileReference; fileEncoding = 4; lastKnownFileType = text.plist.xml; path = compose.plist; sourceTree = "<group>"; };
		14D3833B243DA73000B33F24 /* HComposeModel.swift */ = {isa = PBXFileReference; lastKnownFileType = sourcecode.swift; path = HComposeModel.swift; sourceTree = "<group>"; };
		14D3833E243DC42400B33F24 /* HComposeViewController.swift */ = {isa = PBXFileReference; lastKnownFileType = sourcecode.swift; path = HComposeViewController.swift; sourceTree = "<group>"; };
		46F35A88F212C19506007BBE /* Pods_WB.framework */ = {isa = PBXFileReference; explicitFileType = wrapper.framework; includeInIndex = 0; path = Pods_WB.framework; sourceTree = BUILT_PRODUCTS_DIR; };
		72D21272272686C3612C2BEE /* Pods-WB.release.xcconfig */ = {isa = PBXFileReference; includeInIndex = 1; lastKnownFileType = text.xcconfig; name = "Pods-WB.release.xcconfig"; path = "Target Support Files/Pods-WB/Pods-WB.release.xcconfig"; sourceTree = "<group>"; };
		E4A53B620F83A3491BFB0C2A /* Pods-WB.debug.xcconfig */ = {isa = PBXFileReference; includeInIndex = 1; lastKnownFileType = text.xcconfig; name = "Pods-WB.debug.xcconfig"; path = "Target Support Files/Pods-WB/Pods-WB.debug.xcconfig"; sourceTree = "<group>"; };
/* End PBXFileReference section */

/* Begin PBXFrameworksBuildPhase section */
		140347B62429E20900E41F78 /* Frameworks */ = {
			isa = PBXFrameworksBuildPhase;
			buildActionMask = 2147483647;
			files = (
				145099F024348ECB0044C7D1 /* Pods_WB.framework in Frameworks */,
			);
			runOnlyForDeploymentPostprocessing = 0;
		};
/* End PBXFrameworksBuildPhase section */

/* Begin PBXGroup section */
		0A07B68130CD858762647EAA /* Frameworks */ = {
			isa = PBXGroup;
			children = (
				14509A1D2434EEC70044C7D1 /* ObjectMapper.framework */,
				145099F3243490160044C7D1 /* Alamofire.framework */,
				145099EE24348E460044C7D1 /* Alamofire.framework */,
				145099E824348D7C0044C7D1 /* Alamofire.framework */,
				145099CB24348CD20044C7D1 /* Alamofire.framework */,
				145099CC24348CD20044C7D1 /* Differentiator.framework */,
				145099CD24348CD20044C7D1 /* Kingfisher.framework */,
				145099CE24348CD20044C7D1 /* RxAtomic.framework */,
				145099CF24348CD20044C7D1 /* RxCocoa.framework */,
				145099D024348CD20044C7D1 /* RxDataSources.framework */,
				145099D124348CD20044C7D1 /* RxSwift.framework */,
				145099D224348CD20044C7D1 /* SnapKit.framework */,
				46F35A88F212C19506007BBE /* Pods_WB.framework */,
			);
			name = Frameworks;
			sourceTree = "<group>";
		};
		140347B02429E20900E41F78 = {
			isa = PBXGroup;
			children = (
				140347BB2429E20900E41F78 /* WB */,
				140347BA2429E20900E41F78 /* Products */,
				32D8F1717B57176C15E8B8FE /* Pods */,
				0A07B68130CD858762647EAA /* Frameworks */,
			);
			sourceTree = "<group>";
		};
		140347BA2429E20900E41F78 /* Products */ = {
			isa = PBXGroup;
			children = (
				140347B92429E20900E41F78 /* WB.app */,
			);
			name = Products;
			sourceTree = "<group>";
		};
		140347BB2429E20900E41F78 /* WB */ = {
			isa = PBXGroup;
			children = (
				140347D02429E45300E41F78 /* Classes */,
				140347BC2429E20900E41F78 /* AppDelegate.swift */,
				140347BE2429E20A00E41F78 /* SceneDelegate.swift */,
				140347F0242AF74D00E41F78 /* LaunchScreen.storyboard */,
				140347C52429E20F00E41F78 /* Assets.xcassets */,
				14D38338243DA70900B33F24 /* compose.plist */,
				140347CA2429E20F00E41F78 /* Info.plist */,
			);
			path = WB;
			sourceTree = "<group>";
		};
		140347D02429E45300E41F78 /* Classes */ = {
			isa = PBXGroup;
			children = (
				140347D12429E45300E41F78 /* ViewModel */,
				140347D22429E45300E41F78 /* Tools */,
				140347D32429E45300E41F78 /* Model */,
				140347D42429E45300E41F78 /* View */,
			);
			path = Classes;
			sourceTree = "<group>";
		};
		140347D12429E45300E41F78 /* ViewModel */ = {
			isa = PBXGroup;
			children = (
				14D382D52438DB8900B33F24 /* Home */,
				14509A242435F5930044C7D1 /* OAuth */,
			);
			path = ViewModel;
			sourceTree = "<group>";
		};
		140347D22429E45300E41F78 /* Tools */ = {
			isa = PBXGroup;
			children = (
				14D3830E243C734100B33F24 /* RefreshControl.swift */,
				140347FB242B862D00E41F78 /* Common.swift */,
				14AC98552430B5F100C51EFA /* ThirdPartyHeader.swift */,
				145099A4243381AD0044C7D1 /* HNetworkTools.swift */,
				14509A1F2435EB320044C7D1 /* MyAdapter.swift */,
				140347F4242B50B700E41F78 /* Extension */,
			);
			path = Tools;
			sourceTree = "<group>";
		};
		140347D32429E45300E41F78 /* Model */ = {
			isa = PBXGroup;
			children = (
				14D3833A243DA71F00B33F24 /* Compose */,
				14D382D22438DB6600B33F24 /* OAuth */,
				14748AE12438D11E004CEC32 /* Home */,
			);
			path = Model;
			sourceTree = "<group>";
		};
		140347D42429E45300E41F78 /* View */ = {
			isa = PBXGroup;
			children = (
				14D38312243CC36000B33F24 /* Compose */,
				140347DE2429E45300E41F78 /* Main */,
				140347D52429E45300E41F78 /* Home */,
				140347DB2429E45300E41F78 /* Message */,
				140347D82429E45300E41F78 /* DisCover */,
				140347E12429EC2800E41F78 /* Mine */,
				145099C62434747A0044C7D1 /* OAuth */,
				1455D2A42436DDD600E937B4 /* Welcome */,
			);
			path = View;
			sourceTree = "<group>";
		};
		140347D52429E45300E41F78 /* Home */ = {
			isa = PBXGroup;
			children = (
				140347D62429E45300E41F78 /* View */,
				140347D72429E45300E41F78 /* ViewController */,
			);
			path = Home;
			sourceTree = "<group>";
		};
		140347D62429E45300E41F78 /* View */ = {
			isa = PBXGroup;
			children = (
				14D382D82438E6E000B33F24 /* HomeCell.swift */,
				14D382DA2438E84900B33F24 /* HomeOriginalView.swift */,
				14D382E22439B70500B33F24 /* HomeRetweetView.swift */,
				14D382E02439ACA600B33F24 /* HomeBottomView.swift */,
				14D382E42439C5C400B33F24 /* HomeOriginalPictureView.swift */,
			);
			path = View;
			sourceTree = "<group>";
		};
		140347D72429E45300E41F78 /* ViewController */ = {
			isa = PBXGroup;
			children = (
				140347E62429F7BA00E41F78 /* HHomeViewController.swift */,
				140347F7242B567600E41F78 /* HTempViewController.swift */,
			);
			path = ViewController;
			sourceTree = "<group>";
		};
		140347D82429E45300E41F78 /* DisCover */ = {
			isa = PBXGroup;
			children = (
				140347D92429E45300E41F78 /* View */,
				140347DA2429E45300E41F78 /* ViewController */,
			);
			path = DisCover;
			sourceTree = "<group>";
		};
		140347D92429E45300E41F78 /* View */ = {
			isa = PBXGroup;
			children = (
			);
			path = View;
			sourceTree = "<group>";
		};
		140347DA2429E45300E41F78 /* ViewController */ = {
			isa = PBXGroup;
			children = (
				140347EA2429F7D200E41F78 /* HDiscoverViewController.swift */,
			);
			path = ViewController;
			sourceTree = "<group>";
		};
		140347DB2429E45300E41F78 /* Message */ = {
			isa = PBXGroup;
			children = (
				140347DC2429E45300E41F78 /* View */,
				140347DD2429E45300E41F78 /* ViewController */,
			);
			path = Message;
			sourceTree = "<group>";
		};
		140347DC2429E45300E41F78 /* View */ = {
			isa = PBXGroup;
			children = (
			);
			path = View;
			sourceTree = "<group>";
		};
		140347DD2429E45300E41F78 /* ViewController */ = {
			isa = PBXGroup;
			children = (
				140347E82429F7C400E41F78 /* HMessageViewController.swift */,
			);
			path = ViewController;
			sourceTree = "<group>";
		};
		140347DE2429E45300E41F78 /* Main */ = {
			isa = PBXGroup;
			children = (
				140347DF2429E45300E41F78 /* View */,
				140347E02429E45300E41F78 /* ViewController */,
			);
			path = Main;
			sourceTree = "<group>";
		};
		140347DF2429E45300E41F78 /* View */ = {
			isa = PBXGroup;
			children = (
				140347EE242A034F00E41F78 /* HTabBar.swift */,
				14AC98532430604500C51EFA /* HVisitorView.swift */,
			);
			path = View;
			sourceTree = "<group>";
		};
		140347E02429E45300E41F78 /* ViewController */ = {
			isa = PBXGroup;
			children = (
				140347E42429ED9500E41F78 /* HTabBarViewController.swift */,
				140347F9242B7C4200E41F78 /* HNavigationController.swift */,
				14AC985124305FFE00C51EFA /* HBaseViewController.swift */,
			);
			path = ViewController;
			sourceTree = "<group>";
		};
		140347E12429EC2800E41F78 /* Mine */ = {
			isa = PBXGroup;
			children = (
				140347E22429EC2800E41F78 /* View */,
				140347E32429EC2800E41F78 /* ViewController */,
			);
			path = Mine;
			sourceTree = "<group>";
		};
		140347E22429EC2800E41F78 /* View */ = {
			isa = PBXGroup;
			children = (
			);
			path = View;
			sourceTree = "<group>";
		};
		140347E32429EC2800E41F78 /* ViewController */ = {
			isa = PBXGroup;
			children = (
				140347EC2429F7DD00E41F78 /* HMineViewController.swift */,
			);
			path = ViewController;
			sourceTree = "<group>";
		};
		140347F4242B50B700E41F78 /* Extension */ = {
			isa = PBXGroup;
			children = (
				140347F5242B511B00E41F78 /* Ext+UIBarButtonItem.swift */,
				1455D2A92436E42800E937B4 /* Ext+UIImageView.swift */,
				14D38310243C7DC400B33F24 /* Ext+String.swift */,
			);
			path = Extension;
			sourceTree = "<group>";
		};
		145099C62434747A0044C7D1 /* OAuth */ = {
			isa = PBXGroup;
			children = (
				145099C72434747A0044C7D1 /* VIew */,
				145099C82434747A0044C7D1 /* ViewController */,
			);
			path = OAuth;
			sourceTree = "<group>";
		};
		145099C72434747A0044C7D1 /* VIew */ = {
			isa = PBXGroup;
			children = (
			);
			path = VIew;
			sourceTree = "<group>";
		};
		145099C82434747A0044C7D1 /* ViewController */ = {
			isa = PBXGroup;
			children = (
				145099C9243474A60044C7D1 /* HOAuthViewController.swift */,
			);
			path = ViewController;
			sourceTree = "<group>";
		};
		14509A242435F5930044C7D1 /* OAuth */ = {
			isa = PBXGroup;
			children = (
				14509A252435F5930044C7D1 /* HOAuthViewModel.swift */,
			);
			path = OAuth;
			sourceTree = "<group>";
		};
		1455D2A42436DDD600E937B4 /* Welcome */ = {
			isa = PBXGroup;
			children = (
				1455D2A52436DDD600E937B4 /* View */,
				1455D2A62436DDD600E937B4 /* ViewController */,
			);
			path = Welcome;
			sourceTree = "<group>";
		};
		1455D2A52436DDD600E937B4 /* View */ = {
			isa = PBXGroup;
			children = (
			);
			path = View;
			sourceTree = "<group>";
		};
		1455D2A62436DDD600E937B4 /* ViewController */ = {
			isa = PBXGroup;
			children = (
				1455D2A72436DDEE00E937B4 /* HWelcomeViewController.swift */,
			);
			path = ViewController;
			sourceTree = "<group>";
		};
		14748AE12438D11E004CEC32 /* Home */ = {
			isa = PBXGroup;
			children = (
				14748AE22438D130004CEC32 /* HHomeModel.swift */,
				14D382DC2438F3FF00B33F24 /* HUserModel.swift */,
				14D382E62439C79600B33F24 /* HPictureModel.swift */,
			);
			path = Home;
			sourceTree = "<group>";
		};
		14D382D22438DB6600B33F24 /* OAuth */ = {
			isa = PBXGroup;
			children = (
				14D382D32438DB6600B33F24 /* HUserAccountModel.swift */,
			);
			path = OAuth;
			sourceTree = "<group>";
		};
		14D382D52438DB8900B33F24 /* Home */ = {
			isa = PBXGroup;
			children = (
				14D382D62438DB9800B33F24 /* HHomeViewModel.swift */,
				14D382DE2438F74400B33F24 /* HStatusViewModel.swift */,
			);
			path = Home;
			sourceTree = "<group>";
		};
		14D38312243CC36000B33F24 /* Compose */ = {
			isa = PBXGroup;
			children = (
				14D38313243CC36000B33F24 /* View */,
				14D38323243CC36000B33F24 /* ViewController */,
			);
			path = Compose;
			sourceTree = "<group>";
		};
		14D38313243CC36000B33F24 /* View */ = {
			isa = PBXGroup;
			children = (
				14D38334243CC79500B33F24 /* HComposeView.swift */,
				14D38336243DA66200B33F24 /* HComposeButton.swift */,
			);
			path = View;
			sourceTree = "<group>";
		};
		14D38323243CC36000B33F24 /* ViewController */ = {
			isa = PBXGroup;
			children = (
				14D3833E243DC42400B33F24 /* HComposeViewController.swift */,
			);
			path = ViewController;
			sourceTree = "<group>";
		};
		14D3833A243DA71F00B33F24 /* Compose */ = {
			isa = PBXGroup;
			children = (
				14D3833B243DA73000B33F24 /* HComposeModel.swift */,
			);
			path = Compose;
			sourceTree = "<group>";
		};
		32D8F1717B57176C15E8B8FE /* Pods */ = {
			isa = PBXGroup;
			children = (
				E4A53B620F83A3491BFB0C2A /* Pods-WB.debug.xcconfig */,
				72D21272272686C3612C2BEE /* Pods-WB.release.xcconfig */,
			);
			path = Pods;
			sourceTree = "<group>";
		};
/* End PBXGroup section */

/* Begin PBXNativeTarget section */
		140347B82429E20900E41F78 /* WB */ = {
			isa = PBXNativeTarget;
			buildConfigurationList = 140347CD2429E20F00E41F78 /* Build configuration list for PBXNativeTarget "WB" */;
			buildPhases = (
				D1FD4414C7CAAEF5A76FB47D /* [CP] Check Pods Manifest.lock */,
				140347B52429E20900E41F78 /* Sources */,
				140347B62429E20900E41F78 /* Frameworks */,
				140347B72429E20900E41F78 /* Resources */,
				CFFB09D59EDB639DB51C9020 /* [CP] Embed Pods Frameworks */,
				145099F224348ECB0044C7D1 /* Embed Frameworks */,
			);
			buildRules = (
			);
			dependencies = (
			);
			name = WB;
			productName = WB;
			productReference = 140347B92429E20900E41F78 /* WB.app */;
			productType = "com.apple.product-type.application";
		};
/* End PBXNativeTarget section */

/* Begin PBXProject section */
		140347B12429E20900E41F78 /* Project object */ = {
			isa = PBXProject;
			attributes = {
				CLASSPREFIX = H;
				LastSwiftUpdateCheck = 1130;
				LastUpgradeCheck = 1130;
				ORGANIZATIONNAME = Heli;
				TargetAttributes = {
					140347B82429E20900E41F78 = {
						CreatedOnToolsVersion = 11.3.1;
					};
				};
			};
			buildConfigurationList = 140347B42429E20900E41F78 /* Build configuration list for PBXProject "WB" */;
			compatibilityVersion = "Xcode 9.3";
			developmentRegion = en;
			hasScannedForEncodings = 0;
			knownRegions = (
				en,
				Base,
			);
			mainGroup = 140347B02429E20900E41F78;
			productRefGroup = 140347BA2429E20900E41F78 /* Products */;
			projectDirPath = "";
			projectRoot = "";
			targets = (
				140347B82429E20900E41F78 /* WB */,
			);
		};
/* End PBXProject section */

/* Begin PBXResourcesBuildPhase section */
		140347B72429E20900E41F78 /* Resources */ = {
			isa = PBXResourcesBuildPhase;
			buildActionMask = 2147483647;
			files = (
				140347F1242AF74D00E41F78 /* LaunchScreen.storyboard in Resources */,
				140347C62429E20F00E41F78 /* Assets.xcassets in Resources */,
				14D38339243DA70900B33F24 /* compose.plist in Resources */,
			);
			runOnlyForDeploymentPostprocessing = 0;
		};
/* End PBXResourcesBuildPhase section */

/* Begin PBXShellScriptBuildPhase section */
		CFFB09D59EDB639DB51C9020 /* [CP] Embed Pods Frameworks */ = {
			isa = PBXShellScriptBuildPhase;
			buildActionMask = 2147483647;
			files = (
			);
			inputFileListPaths = (
				"${PODS_ROOT}/Target Support Files/Pods-WB/Pods-WB-frameworks-${CONFIGURATION}-input-files.xcfilelist",
			);
			name = "[CP] Embed Pods Frameworks";
			outputFileListPaths = (
				"${PODS_ROOT}/Target Support Files/Pods-WB/Pods-WB-frameworks-${CONFIGURATION}-output-files.xcfilelist",
			);
			runOnlyForDeploymentPostprocessing = 0;
			shellPath = /bin/sh;
			shellScript = "\"${PODS_ROOT}/Target Support Files/Pods-WB/Pods-WB-frameworks.sh\"\n";
			showEnvVarsInLog = 0;
		};
		D1FD4414C7CAAEF5A76FB47D /* [CP] Check Pods Manifest.lock */ = {
			isa = PBXShellScriptBuildPhase;
			buildActionMask = 2147483647;
			files = (
			);
			inputFileListPaths = (
			);
			inputPaths = (
				"${PODS_PODFILE_DIR_PATH}/Podfile.lock",
				"${PODS_ROOT}/Manifest.lock",
			);
			name = "[CP] Check Pods Manifest.lock";
			outputFileListPaths = (
			);
			outputPaths = (
				"$(DERIVED_FILE_DIR)/Pods-WB-checkManifestLockResult.txt",
			);
			runOnlyForDeploymentPostprocessing = 0;
			shellPath = /bin/sh;
			shellScript = "diff \"${PODS_PODFILE_DIR_PATH}/Podfile.lock\" \"${PODS_ROOT}/Manifest.lock\" > /dev/null\nif [ $? != 0 ] ; then\n    # print error to STDERR\n    echo \"error: The sandbox is not in sync with the Podfile.lock. Run 'pod install' or update your CocoaPods installation.\" >&2\n    exit 1\nfi\n# This output is used by Xcode 'outputs' to avoid re-running this script phase.\necho \"SUCCESS\" > \"${SCRIPT_OUTPUT_FILE_0}\"\n";
			showEnvVarsInLog = 0;
		};
/* End PBXShellScriptBuildPhase section */

/* Begin PBXSourcesBuildPhase section */
		140347B52429E20900E41F78 /* Sources */ = {
			isa = PBXSourcesBuildPhase;
			buildActionMask = 2147483647;
			files = (
				140347E92429F7C400E41F78 /* HMessageViewController.swift in Sources */,
				14D382DD2438F3FF00B33F24 /* HUserModel.swift in Sources */,
				145099A5243381AD0044C7D1 /* HNetworkTools.swift in Sources */,
				14D382E72439C79600B33F24 /* HPictureModel.swift in Sources */,
				14AC98562430B5F100C51EFA /* ThirdPartyHeader.swift in Sources */,
				140347E72429F7BA00E41F78 /* HHomeViewController.swift in Sources */,
				14D382DF2438F74400B33F24 /* HStatusViewModel.swift in Sources */,
				14D382E32439B70500B33F24 /* HomeRetweetView.swift in Sources */,
				14AC985224305FFE00C51EFA /* HBaseViewController.swift in Sources */,
				14D3833C243DA73000B33F24 /* HComposeModel.swift in Sources */,
				140347EB2429F7D200E41F78 /* HDiscoverViewController.swift in Sources */,
				140347BD2429E20900E41F78 /* AppDelegate.swift in Sources */,
				14509A202435EB320044C7D1 /* MyAdapter.swift in Sources */,
				14D38335243CC79500B33F24 /* HComposeView.swift in Sources */,
				1455D2A82436DDEE00E937B4 /* HWelcomeViewController.swift in Sources */,
				140347FC242B862D00E41F78 /* Common.swift in Sources */,
				140347EF242A034F00E41F78 /* HTabBar.swift in Sources */,
				1455D2AA2436E42800E937B4 /* Ext+UIImageView.swift in Sources */,
				14D38311243C7DC400B33F24 /* Ext+String.swift in Sources */,
				140347F8242B567600E41F78 /* HTempViewController.swift in Sources */,
				14D3833F243DC42400B33F24 /* HComposeViewController.swift in Sources */,
				140347BF2429E20A00E41F78 /* SceneDelegate.swift in Sources */,
				14D382DB2438E84900B33F24 /* HomeOriginalView.swift in Sources */,
				14D38337243DA66200B33F24 /* HComposeButton.swift in Sources */,
				14D382D92438E6E000B33F24 /* HomeCell.swift in Sources */,
				14D382D42438DB6600B33F24 /* HUserAccountModel.swift in Sources */,
				14D3830F243C734100B33F24 /* RefreshControl.swift in Sources */,
				140347E52429ED9500E41F78 /* HTabBarViewController.swift in Sources */,
				145099CA243474A60044C7D1 /* HOAuthViewController.swift in Sources */,
				140347ED2429F7DD00E41F78 /* HMineViewController.swift in Sources */,
				14748AE32438D130004CEC32 /* HHomeModel.swift in Sources */,
				14509A262435F5930044C7D1 /* HOAuthViewModel.swift in Sources */,
				14D382E52439C5C400B33F24 /* HomeOriginalPictureView.swift in Sources */,
				14D382D72438DB9800B33F24 /* HHomeViewModel.swift in Sources */,
				140347F6242B511B00E41F78 /* Ext+UIBarButtonItem.swift in Sources */,
				14AC98542430604500C51EFA /* HVisitorView.swift in Sources */,
				14D382E12439ACA600B33F24 /* HomeBottomView.swift in Sources */,
				140347FA242B7C4200E41F78 /* HNavigationController.swift in Sources */,
			);
			runOnlyForDeploymentPostprocessing = 0;
		};
/* End PBXSourcesBuildPhase section */

/* Begin XCBuildConfiguration section */
		140347CB2429E20F00E41F78 /* Debug */ = {
			isa = XCBuildConfiguration;
			buildSettings = {
				ALWAYS_SEARCH_USER_PATHS = NO;
				CLANG_ANALYZER_NONNULL = YES;
				CLANG_ANALYZER_NUMBER_OBJECT_CONVERSION = YES_AGGRESSIVE;
				CLANG_CXX_LANGUAGE_STANDARD = "gnu++14";
				CLANG_CXX_LIBRARY = "libc++";
				CLANG_ENABLE_MODULES = YES;
				CLANG_ENABLE_OBJC_ARC = YES;
				CLANG_ENABLE_OBJC_WEAK = YES;
				CLANG_WARN_BLOCK_CAPTURE_AUTORELEASING = YES;
				CLANG_WARN_BOOL_CONVERSION = YES;
				CLANG_WARN_COMMA = YES;
				CLANG_WARN_CONSTANT_CONVERSION = YES;
				CLANG_WARN_DEPRECATED_OBJC_IMPLEMENTATIONS = YES;
				CLANG_WARN_DIRECT_OBJC_ISA_USAGE = YES_ERROR;
				CLANG_WARN_DOCUMENTATION_COMMENTS = YES;
				CLANG_WARN_EMPTY_BODY = YES;
				CLANG_WARN_ENUM_CONVERSION = YES;
				CLANG_WARN_INFINITE_RECURSION = YES;
				CLANG_WARN_INT_CONVERSION = YES;
				CLANG_WARN_NON_LITERAL_NULL_CONVERSION = YES;
				CLANG_WARN_OBJC_IMPLICIT_RETAIN_SELF = YES;
				CLANG_WARN_OBJC_LITERAL_CONVERSION = YES;
				CLANG_WARN_OBJC_ROOT_CLASS = YES_ERROR;
				CLANG_WARN_RANGE_LOOP_ANALYSIS = YES;
				CLANG_WARN_STRICT_PROTOTYPES = YES;
				CLANG_WARN_SUSPICIOUS_MOVE = YES;
				CLANG_WARN_UNGUARDED_AVAILABILITY = YES_AGGRESSIVE;
				CLANG_WARN_UNREACHABLE_CODE = YES;
				CLANG_WARN__DUPLICATE_METHOD_MATCH = YES;
				COPY_PHASE_STRIP = NO;
				DEBUG_INFORMATION_FORMAT = dwarf;
				ENABLE_STRICT_OBJC_MSGSEND = YES;
				ENABLE_TESTABILITY = YES;
				GCC_C_LANGUAGE_STANDARD = gnu11;
				GCC_DYNAMIC_NO_PIC = NO;
				GCC_NO_COMMON_BLOCKS = YES;
				GCC_OPTIMIZATION_LEVEL = 0;
				GCC_PREPROCESSOR_DEFINITIONS = (
					"DEBUG=1",
					"$(inherited)",
				);
				GCC_WARN_64_TO_32_BIT_CONVERSION = YES;
				GCC_WARN_ABOUT_RETURN_TYPE = YES_ERROR;
				GCC_WARN_UNDECLARED_SELECTOR = YES;
				GCC_WARN_UNINITIALIZED_AUTOS = YES_AGGRESSIVE;
				GCC_WARN_UNUSED_FUNCTION = YES;
				GCC_WARN_UNUSED_VARIABLE = YES;
				IPHONEOS_DEPLOYMENT_TARGET = 13.2;
				MTL_ENABLE_DEBUG_INFO = INCLUDE_SOURCE;
				MTL_FAST_MATH = YES;
				ONLY_ACTIVE_ARCH = YES;
				SDKROOT = iphoneos;
				SWIFT_ACTIVE_COMPILATION_CONDITIONS = DEBUG;
				SWIFT_OPTIMIZATION_LEVEL = "-Onone";
			};
			name = Debug;
		};
		140347CC2429E20F00E41F78 /* Release */ = {
			isa = XCBuildConfiguration;
			buildSettings = {
				ALWAYS_SEARCH_USER_PATHS = NO;
				CLANG_ANALYZER_NONNULL = YES;
				CLANG_ANALYZER_NUMBER_OBJECT_CONVERSION = YES_AGGRESSIVE;
				CLANG_CXX_LANGUAGE_STANDARD = "gnu++14";
				CLANG_CXX_LIBRARY = "libc++";
				CLANG_ENABLE_MODULES = YES;
				CLANG_ENABLE_OBJC_ARC = YES;
				CLANG_ENABLE_OBJC_WEAK = YES;
				CLANG_WARN_BLOCK_CAPTURE_AUTORELEASING = YES;
				CLANG_WARN_BOOL_CONVERSION = YES;
				CLANG_WARN_COMMA = YES;
				CLANG_WARN_CONSTANT_CONVERSION = YES;
				CLANG_WARN_DEPRECATED_OBJC_IMPLEMENTATIONS = YES;
				CLANG_WARN_DIRECT_OBJC_ISA_USAGE = YES_ERROR;
				CLANG_WARN_DOCUMENTATION_COMMENTS = YES;
				CLANG_WARN_EMPTY_BODY = YES;
				CLANG_WARN_ENUM_CONVERSION = YES;
				CLANG_WARN_INFINITE_RECURSION = YES;
				CLANG_WARN_INT_CONVERSION = YES;
				CLANG_WARN_NON_LITERAL_NULL_CONVERSION = YES;
				CLANG_WARN_OBJC_IMPLICIT_RETAIN_SELF = YES;
				CLANG_WARN_OBJC_LITERAL_CONVERSION = YES;
				CLANG_WARN_OBJC_ROOT_CLASS = YES_ERROR;
				CLANG_WARN_RANGE_LOOP_ANALYSIS = YES;
				CLANG_WARN_STRICT_PROTOTYPES = YES;
				CLANG_WARN_SUSPICIOUS_MOVE = YES;
				CLANG_WARN_UNGUARDED_AVAILABILITY = YES_AGGRESSIVE;
				CLANG_WARN_UNREACHABLE_CODE = YES;
				CLANG_WARN__DUPLICATE_METHOD_MATCH = YES;
				COPY_PHASE_STRIP = NO;
				DEBUG_INFORMATION_FORMAT = "dwarf-with-dsym";
				ENABLE_NS_ASSERTIONS = NO;
				ENABLE_STRICT_OBJC_MSGSEND = YES;
				GCC_C_LANGUAGE_STANDARD = gnu11;
				GCC_NO_COMMON_BLOCKS = YES;
				GCC_WARN_64_TO_32_BIT_CONVERSION = YES;
				GCC_WARN_ABOUT_RETURN_TYPE = YES_ERROR;
				GCC_WARN_UNDECLARED_SELECTOR = YES;
				GCC_WARN_UNINITIALIZED_AUTOS = YES_AGGRESSIVE;
				GCC_WARN_UNUSED_FUNCTION = YES;
				GCC_WARN_UNUSED_VARIABLE = YES;
				IPHONEOS_DEPLOYMENT_TARGET = 13.2;
				MTL_ENABLE_DEBUG_INFO = NO;
				MTL_FAST_MATH = YES;
				SDKROOT = iphoneos;
				SWIFT_COMPILATION_MODE = wholemodule;
				SWIFT_OPTIMIZATION_LEVEL = "-O";
				VALIDATE_PRODUCT = YES;
			};
			name = Release;
		};
		140347CE2429E20F00E41F78 /* Debug */ = {
			isa = XCBuildConfiguration;
			baseConfigurationReference = E4A53B620F83A3491BFB0C2A /* Pods-WB.debug.xcconfig */;
			buildSettings = {
				ASSETCATALOG_COMPILER_APPICON_NAME = AppIcon;
				CODE_SIGN_IDENTITY = "Apple Development";
				CODE_SIGN_STYLE = Automatic;
				DEVELOPMENT_TEAM = RLME2A7375;
				INFOPLIST_FILE = WB/Info.plist;
				IPHONEOS_DEPLOYMENT_TARGET = 13.0;
				LD_RUNPATH_SEARCH_PATHS = (
					"$(inherited)",
					"@executable_path/Frameworks",
				);
				PRODUCT_BUNDLE_IDENTIFIER = Heli.WB1;
				PRODUCT_NAME = "$(TARGET_NAME)";
				PROVISIONING_PROFILE_SPECIFIER = "";
				SWIFT_VERSION = 5.0;
				TARGETED_DEVICE_FAMILY = 1;
			};
			name = Debug;
		};
		140347CF2429E20F00E41F78 /* Release */ = {
			isa = XCBuildConfiguration;
			baseConfigurationReference = 72D21272272686C3612C2BEE /* Pods-WB.release.xcconfig */;
			buildSettings = {
				ASSETCATALOG_COMPILER_APPICON_NAME = AppIcon;
				CODE_SIGN_IDENTITY = "Apple Development";
				CODE_SIGN_STYLE = Automatic;
				DEVELOPMENT_TEAM = RLME2A7375;
				INFOPLIST_FILE = WB/Info.plist;
				IPHONEOS_DEPLOYMENT_TARGET = 13.0;
				LD_RUNPATH_SEARCH_PATHS = (
					"$(inherited)",
					"@executable_path/Frameworks",
				);
				PRODUCT_BUNDLE_IDENTIFIER = Heli.WB1;
				PRODUCT_NAME = "$(TARGET_NAME)";
				PROVISIONING_PROFILE_SPECIFIER = "";
				SWIFT_VERSION = 5.0;
				TARGETED_DEVICE_FAMILY = 1;
			};
			name = Release;
		};
/* End XCBuildConfiguration section */

/* Begin XCConfigurationList section */
		140347B42429E20900E41F78 /* Build configuration list for PBXProject "WB" */ = {
			isa = XCConfigurationList;
			buildConfigurations = (
				140347CB2429E20F00E41F78 /* Debug */,
				140347CC2429E20F00E41F78 /* Release */,
			);
			defaultConfigurationIsVisible = 0;
			defaultConfigurationName = Release;
		};
		140347CD2429E20F00E41F78 /* Build configuration list for PBXNativeTarget "WB" */ = {
			isa = XCConfigurationList;
			buildConfigurations = (
				140347CE2429E20F00E41F78 /* Debug */,
				140347CF2429E20F00E41F78 /* Release */,
			);
			defaultConfigurationIsVisible = 0;
			defaultConfigurationName = Release;
		};
/* End XCConfigurationList section */
	};
	rootObject = 140347B12429E20900E41F78 /* Project object */;
}
